Microsoft Visual Studio Solution File, Format Version 12.00
# Visual Studio 15
Project("{D954291E-2A0B-460D-934E-DC6B0785DB48}") = "Design", "Designer\Design.shproj", "{2BD450CE-FFCF-4B40-81F1-9BCAB8A9B3B5}"
EndProject
Project("{FAE04EC0-301F-11D3-BF4B-00C04F79EFBC}") = "Design.iOS", "iOS\Design.iOS.csproj", "{81939B8C-A165-459A-B76F-3200E922D109}"
EndProject
Project("{FAE04EC0-301F-11D3-BF4B-00C04F79EFBC}") = "Design.Droid", "Droid\Design.Droid.csproj", "{F4B73D70-B732-463F-9A63-4AB4EC4DC5F6}"
EndProject
Global
	GlobalSection(SolutionConfigurationPlatforms) = preSolution
		Debug|iPhoneSimulator = Debug|iPhoneSimulator
		Release|iPhone = Release|iPhone
		Release|iPhoneSimulator = Release|iPhoneSimulator
		Debug|iPhone = Debug|iPhone
		Debug|Any CPU = Debug|Any CPU
		Release|Any CPU = Release|Any CPU
	EndGlobalSection
	GlobalSection(ProjectConfigurationPlatforms) = postSolution
		{81939B8C-A165-459A-B76F-3200E922D109}.Debug|iPhoneSimulator.ActiveCfg = Debug|iPhoneSimulator
		{81939B8C-A165-459A-B76F-3200E922D109}.Debug|iPhoneSimulator.Build.0 = Debug|iPhoneSimulator
		{81939B8C-A165-459A-B76F-3200E922D109}.Release|iPhone.ActiveCfg = Release|iPhone
		{81939B8C-A165-459A-B76F-3200E922D109}.Release|iPhone.Build.0 = Release|iPhone
		{81939B8C-A165-459A-B76F-3200E922D109}.Release|iPhoneSimulator.ActiveCfg = Release|iPhoneSimulator
		{81939B8C-A165-459A-B76F-3200E922D109}.Release|iPhoneSimulator.Build.0 = Release|iPhoneSimulator
		{81939B8C-A165-459A-B76F-3200E922D109}.Debug|iPhone.ActiveCfg = Debug|iPhone
		{81939B8C-A165-459A-B76F-3200E922D109}.Debug|iPhone.Build.0 = Debug|iPhone
		{81939B8C-A165-459A-B76F-3200E922D109}.Debug|Any CPU.ActiveCfg = Debug|iPhoneSimulator
		{81939B8C-A165-459A-B76F-3200E922D109}.Debug|Any CPU.Build.0 = Debug|iPhoneSimulator
		{81939B8C-A165-459A-B76F-3200E922D109}.Release|Any CPU.ActiveCfg = Release|iPhone
		{81939B8C-A165-459A-B76F-3200E922D109}.Release|Any CPU.Build.0 = Release|iPhone
		{F4B73D70-B732-463F-9A63-4AB4EC4DC5F6}.Debug|iPhoneSimulator.ActiveCfg = Debug|Any CPU
		{F4B73D70-B732-463F-9A63-4AB4EC4DC5F6}.Debug|iPhoneSimulator.Build.0 = Debug|Any CPU
		{F4B73D70-B732-463F-9A63-4AB4EC4DC5F6}.Release|iPhone.ActiveCfg = Release|Any CPU
		{F4B73D70-B732-463F-9A63-4AB4EC4DC5F6}.Release|iPhone.Build.0 = Release|Any CPU
		{F4B73D70-B732-463F-9A63-4AB4EC4DC5F6}.Release|iPhoneSimulator.ActiveCfg = Release|Any CPU
		{F4B73D70-B732-463F-9A63-4AB4EC4DC5F6}.Release|iPhoneSimulator.Build.0 = Release|Any CPU
		{F4B73D70-B732-463F-9A63-4AB4EC4DC5F6}.Debug|iPhone.ActiveCfg = Debug|Any CPU
		{F4B73D70-B732-463F-9A63-4AB4EC4DC5F6}.Debug|iPhone.Build.0 = Debug|Any CPU
		{F4B73D70-B732-463F-9A63-4AB4EC4DC5F6}.Debug|Any CPU.ActiveCfg = Debug|Any CPU
		{F4B73D70-B732-463F-9A63-4AB4EC4DC5F6}.Debug|Any CPU.Build.0 = Debug|Any CPU
		{F4B73D70-B732-463F-9A63-4AB4EC4DC5F6}.Release|Any CPU.ActiveCfg = Release|Any CPU
		{F4B73D70-B732-463F-9A63-4AB4EC4DC5F6}.Release|Any CPU.Build.0 = Release|Any CPU
	EndGlobalSection
	GlobalSection(MonoDevelopProperties) = preSolution
		Policies = $0
		$0.DotNetNamingPolicy = $1
		$1.DirectoryNamespaceAssociation = PrefixedHierarchical
		$0.VersionControlPolicy = $2
	EndGlobalSection
EndGlobal
